
Microsoft Visual Studio Solution File, Format Version 12.00
# Visual Studio 15
VisualStudioVersion = 15.0.27004.2005
MinimumVisualStudioVersion = 10.0.40219.1
Project("{FAE04EC0-301F-11D3-BF4B-00C04F79EFBC}") = "csse", "csse\csse.csproj", "{4CB6D926-6724-4731-B91C-4D17223232A8}"
EndProject
Project("{FAE04EC0-301F-11D3-BF4B-00C04F79EFBC}") = "csse.FreestylePreProcessor.Example", "csse.FreestylePreProcessor.Example\csse.FreestylePreProcessor.Example.csproj", "{C2659627-347C-4763-AF17-28B61839EBDB}"
EndProject
Global
	GlobalSection(SolutionConfigurationPlatforms) = preSolution
		Debug|Any CPU = Debug|Any CPU
		Release|Any CPU = Release|Any CPU
	EndGlobalSection
	GlobalSection(ProjectConfigurationPlatforms) = postSolution
		{4CB6D926-6724-4731-B91C-4D17223232A8}.Debug|Any CPU.ActiveCfg = Debug|Any CPU
		{4CB6D926-6724-4731-B91C-4D17223232A8}.Debug|Any CPU.Build.0 = Debug|Any CPU
		{4CB6D926-6724-4731-B91C-4D17223232A8}.Release|Any CPU.ActiveCfg = Release|Any CPU
		{4CB6D926-6724-4731-B91C-4D17223232A8}.Release|Any CPU.Build.0 = Release|Any CPU
		{C2659627-347C-4763-AF17-28B61839EBDB}.Debug|Any CPU.ActiveCfg = Debug|Any CPU
		{C2659627-347C-4763-AF17-28B61839EBDB}.Debug|Any CPU.Build.0 = Debug|Any CPU
		{C2659627-347C-4763-AF17-28B61839EBDB}.Release|Any CPU.ActiveCfg = Release|Any CPU
		{C2659627-347C-4763-AF17-28B61839EBDB}.Release|Any CPU.Build.0 = Release|Any CPU
	EndGlobalSection
	GlobalSection(SolutionProperties) = preSolution
		HideSolutionNode = FALSE
	EndGlobalSection
	GlobalSection(ExtensibilityGlobals) = postSolution
		SolutionGuid = {2999966A-E556-4A84-8C51-1825CA52DAC2}
	EndGlobalSection
EndGlobal
